// !$*UTF8*$!
{
	archiveVersion = 1;
	classes = {
	};
	objectVersion = 46;
	objects = {

/* Begin PBXBuildFile section */
		BE94DDF81E1376430088964D /* AppDelegate.swift in Sources */ = {isa = PBXBuildFile; fileRef = BE94DDF71E1376430088964D /* AppDelegate.swift */; };
		BE94DDFA1E1376430088964D /* ViewController.swift in Sources */ = {isa = PBXBuildFile; fileRef = BE94DDF91E1376430088964D /* ViewController.swift */; };
		BE94DDFD1E1376430088964D /* Main.storyboard in Resources */ = {isa = PBXBuildFile; fileRef = BE94DDFB1E1376430088964D /* Main.storyboard */; };
		BE94DDFF1E1376430088964D /* Assets.xcassets in Resources */ = {isa = PBXBuildFile; fileRef = BE94DDFE1E1376430088964D /* Assets.xcassets */; };
		BE94DE021E1376430088964D /* LaunchScreen.storyboard in Resources */ = {isa = PBXBuildFile; fileRef = BE94DE001E1376430088964D /* LaunchScreen.storyboard */; };
		BE94DE0D1E1376430088964D /* pokemonImageTests.swift in Sources */ = {isa = PBXBuildFile; fileRef = BE94DE0C1E1376430088964D /* pokemonImageTests.swift */; };
		BE94DE181E1376440088964D /* pokemonImageUITests.swift in Sources */ = {isa = PBXBuildFile; fileRef = BE94DE171E1376440088964D /* pokemonImageUITests.swift */; };
/* End PBXBuildFile section */

/* Begin PBXContainerItemProxy section */
		BE94DE091E1376430088964D /* PBXContainerItemProxy */ = {
			isa = PBXContainerItemProxy;
			containerPortal = BE94DDEC1E1376430088964D /* Project object */;
			proxyType = 1;
			remoteGlobalIDString = BE94DDF31E1376430088964D;
			remoteInfo = pokemonImage;
		};
		BE94DE141E1376430088964D /* PBXContainerItemProxy */ = {
			isa = PBXContainerItemProxy;
			containerPortal = BE94DDEC1E1376430088964D /* Project object */;
			proxyType = 1;
			remoteGlobalIDString = BE94DDF31E1376430088964D;
			remoteInfo = pokemonImage;
		};
/* End PBXContainerItemProxy section */

/* Begin PBXFileReference section */
		BE94DDF41E1376430088964D /* pokemonImage.app */ = {isa = PBXFileReference; explicitFileType = wrapper.application; includeInIndex = 0; path = pokemonImage.app; sourceTree = BUILT_PRODUCTS_DIR; };
		BE94DDF71E1376430088964D /* AppDelegate.swift */ = {isa = PBXFileReference; lastKnownFileType = sourcecode.swift; path = AppDelegate.swift; sourceTree = "<group>"; };
		BE94DDF91E1376430088964D /* ViewController.swift */ = {isa = PBXFileReference; lastKnownFileType = sourcecode.swift; path = ViewController.swift; sourceTree = "<group>"; };
		BE94DDFC1E1376430088964D /* Base */ = {isa = PBXFileReference; lastKnownFileType = file.storyboard; name = Base; path = Base.lproj/Main.storyboard; sourceTree = "<group>"; };
		BE94DDFE1E1376430088964D /* Assets.xcassets */ = {isa = PBXFileReference; lastKnownFileType = folder.assetcatalog; path = Assets.xcassets; sourceTree = "<group>"; };
		BE94DE011E1376430088964D /* Base */ = {isa = PBXFileReference; lastKnownFileType = file.storyboard; name = Base; path = Base.lproj/LaunchScreen.storyboard; sourceTree = "<group>"; };
		BE94DE031E1376430088964D /* Info.plist */ = {isa = PBXFileReference; lastKnownFileType = text.plist.xml; path = Info.plist; sourceTree = "<group>"; };
		BE94DE081E1376430088964D /* pokemonImageTests.xctest */ = {isa = PBXFileReference; explicitFileType = wrapper.cfbundle; includeInIndex = 0; path = pokemonImageTests.xctest; sourceTree = BUILT_PRODUCTS_DIR; };
		BE94DE0C1E1376430088964D /* pokemonImageTests.swift */ = {isa = PBXFileReference; lastKnownFileType = sourcecode.swift; path = pokemonImageTests.swift; sourceTree = "<group>"; };
		BE94DE0E1E1376430088964D /* Info.plist */ = {isa = PBXFileReference; lastKnownFileType = text.plist.xml; path = Info.plist; sourceTree = "<group>"; };
		BE94DE131E1376430088964D /* pokemonImageUITests.xctest */ = {isa = PBXFileReference; explicitFileType = wrapper.cfbundle; includeInIndex = 0; path = pokemonImageUITests.xctest; sourceTree = BUILT_PRODUCTS_DIR; };
		BE94DE171E1376440088964D /* pokemonImageUITests.swift */ = {isa = PBXFileReference; lastKnownFileType = sourcecode.swift; path = pokemonImageUITests.swift; sourceTree = "<group>"; };
		BE94DE191E1376440088964D /* Info.plist */ = {isa = PBXFileReference; lastKnownFileType = text.plist.xml; path = Info.plist; sourceTree = "<group>"; };
/* End PBXFileReference section */

/* Begin PBXFrameworksBuildPhase section */
		BE94DDF11E1376430088964D /* Frameworks */ = {
			isa = PBXFrameworksBuildPhase;
			buildActionMask = 2147483647;
			files = (
			);
			runOnlyForDeploymentPostprocessing = 0;
		};
		BE94DE051E1376430088964D /* Frameworks */ = {
			isa = PBXFrameworksBuildPhase;
			buildActionMask = 2147483647;
			files = (
			);
			runOnlyForDeploymentPostprocessing = 0;
		};
		BE94DE101E1376430088964D /* Frameworks */ = {
			isa = PBXFrameworksBuildPhase;
			buildActionMask = 2147483647;
			files = (
			);
			runOnlyForDeploymentPostprocessing = 0;
		};
/* End PBXFrameworksBuildPhase section */

/* Begin PBXGroup section */
		BE94DDEB1E1376430088964D = {
			isa = PBXGroup;
			children = (
				BE94DDF61E1376430088964D /* pokemonImage */,
				BE94DE0B1E1376430088964D /* pokemonImageTests */,
				BE94DE161E1376430088964D /* pokemonImageUITests */,
				BE94DDF51E1376430088964D /* Products */,
			);
			sourceTree = "<group>";
		};
		BE94DDF51E1376430088964D /* Products */ = {
			isa = PBXGroup;
			children = (
				BE94DDF41E1376430088964D /* pokemonImage.app */,
				BE94DE081E1376430088964D /* pokemonImageTests.xctest */,
				BE94DE131E1376430088964D /* pokemonImageUITests.xctest */,
			);
			name = Products;
			sourceTree = "<group>";
		};
		BE94DDF61E1376430088964D /* pokemonImage */ = {
			isa = PBXGroup;
			children = (
				BE94DDF71E1376430088964D /* AppDelegate.swift */,
				BE94DDF91E1376430088964D /* ViewController.swift */,
				BE94DDFB1E1376430088964D /* Main.storyboard */,
				BE94DDFE1E1376430088964D /* Assets.xcassets */,
				BE94DE001E1376430088964D /* LaunchScreen.storyboard */,
				BE94DE031E1376430088964D /* Info.plist */,
			);
			path = pokemonImage;
			sourceTree = "<group>";
		};
		BE94DE0B1E1376430088964D /* pokemonImageTests */ = {
			isa = PBXGroup;
			children = (
				BE94DE0C1E1376430088964D /* pokemonImageTests.swift */,
				BE94DE0E1E1376430088964D /* Info.plist */,
			);
			path = pokemonImageTests;
			sourceTree = "<group>";
		};
		BE94DE161E1376430088964D /* pokemonImageUITests */ = {
			isa = PBXGroup;
			children = (
				BE94DE171E1376440088964D /* pokemonImageUITests.swift */,
				BE94DE191E1376440088964D /* Info.plist */,
			);
			path = pokemonImageUITests;
			sourceTree = "<group>";
		};
/* End PBXGroup section */

/* Begin PBXNativeTarget section */
		BE94DDF31E1376430088964D /* pokemonImage */ = {
			isa = PBXNativeTarget;
			buildConfigurationList = BE94DE1C1E1376440088964D /* Build configuration list for PBXNativeTarget "pokemonImage" */;
			buildPhases = (
				BE94DDF01E1376430088964D /* Sources */,
				BE94DDF11E1376430088964D /* Frameworks */,
				BE94DDF21E1376430088964D /* Resources */,
			);
			buildRules = (
			);
			dependencies = (
			);
			name = pokemonImage;
			productName = pokemonImage;
			productReference = BE94DDF41E1376430088964D /* pokemonImage.app */;
			productType = "com.apple.product-type.application";
		};
		BE94DE071E1376430088964D /* pokemonImageTests */ = {
			isa = PBXNativeTarget;
			buildConfigurationList = BE94DE1F1E1376440088964D /* Build configuration list for PBXNativeTarget "pokemonImageTests" */;
			buildPhases = (
				BE94DE041E1376430088964D /* Sources */,
				BE94DE051E1376430088964D /* Frameworks */,
				BE94DE061E1376430088964D /* Resources */,
			);
			buildRules = (
			);
			dependencies = (
				BE94DE0A1E1376430088964D /* PBXTargetDependency */,
			);
			name = pokemonImageTests;
			productName = pokemonImageTests;
			productReference = BE94DE081E1376430088964D /* pokemonImageTests.xctest */;
			productType = "com.apple.product-type.bundle.unit-test";
		};
		BE94DE121E1376430088964D /* pokemonImageUITests */ = {
			isa = PBXNativeTarget;
			buildConfigurationList = BE94DE221E1376440088964D /* Build configuration list for PBXNativeTarget "pokemonImageUITests" */;
			buildPhases = (
				BE94DE0F1E1376430088964D /* Sources */,
				BE94DE101E1376430088964D /* Frameworks */,
				BE94DE111E1376430088964D /* Resources */,
			);
			buildRules = (
			);
			dependencies = (
				BE94DE151E1376430088964D /* PBXTargetDependency */,
			);
			name = pokemonImageUITests;
			productName = pokemonImageUITests;
			productReference = BE94DE131E1376430088964D /* pokemonImageUITests.xctest */;
			productType = "com.apple.product-type.bundle.ui-testing";
		};
/* End PBXNativeTarget section */

/* Begin PBXProject section */
		BE94DDEC1E1376430088964D /* Project object */ = {
			isa = PBXProject;
			attributes = {
				LastSwiftUpdateCheck = 0800;
				LastUpgradeCheck = 0800;
				ORGANIZATIONNAME = "Life is Tech";
				TargetAttributes = {
					BE94DDF31E1376430088964D = {
						CreatedOnToolsVersion = 8.0;
						ProvisioningStyle = Automatic;
					};
					BE94DE071E1376430088964D = {
						CreatedOnToolsVersion = 8.0;
						ProvisioningStyle = Automatic;
						TestTargetID = BE94DDF31E1376430088964D;
					};
					BE94DE121E1376430088964D = {
						CreatedOnToolsVersion = 8.0;
						ProvisioningStyle = Automatic;
						TestTargetID = BE94DDF31E1376430088964D;
					};
				};
			};
			buildConfigurationList = BE94DDEF1E1376430088964D /* Build configuration list for PBXProject "pokemonImage" */;
			compatibilityVersion = "Xcode 3.2";
			developmentRegion = English;
			hasScannedForEncodings = 0;
			knownRegions = (
				en,
				Base,
			);
			mainGroup = BE94DDEB1E1376430088964D;
			productRefGroup = BE94DDF51E1376430088964D /* Products */;
			projectDirPath = "";
			projectRoot = "";
			targets = (
				BE94DDF31E1376430088964D /* pokemonImage */,
				BE94DE071E1376430088964D /* pokemonImageTests */,
				BE94DE121E1376430088964D /* pokemonImageUITests */,
			);
		};
/* End PBXProject section */

/* Begin PBXResourcesBuildPhase section */
		BE94DDF21E1376430088964D /* Resources */ = {
			isa = PBXResourcesBuildPhase;
			buildActionMask = 2147483647;
			files = (
				BE94DE021E1376430088964D /* LaunchScreen.storyboard in Resources */,
				BE94DDFF1E1376430088964D /* Assets.xcassets in Resources */,
				BE94DDFD1E1376430088964D /* Main.storyboard in Resources */,
			);
			runOnlyForDeploymentPostprocessing = 0;
		};
		BE94DE061E1376430088964D /* Resources */ = {
			isa = PBXResourcesBuildPhase;
			buildActionMask = 2147483647;
			files = (
			);
			runOnlyForDeploymentPostprocessing = 0;
		};
		BE94DE111E1376430088964D /* Resources */ = {
			isa = PBXResourcesBuildPhase;
			buildActionMask = 2147483647;
			files = (
			);
			runOnlyForDeploymentPostprocessing = 0;
		};
/* End PBXResourcesBuildPhase section */

/* Begin PBXSourcesBuildPhase section */
		BE94DDF01E1376430088964D /* Sources */ = {
			isa = PBXSourcesBuildPhase;
			buildActionMask = 2147483647;
			files = (
				BE94DDFA1E1376430088964D /* ViewController.swift in Sources */,
				BE94DDF81E1376430088964D /* AppDelegate.swift in Sources */,
			);
			runOnlyForDeploymentPostprocessing = 0;
		};
		BE94DE041E1376430088964D /* Sources */ = {
			isa = PBXSourcesBuildPhase;
			buildActionMask = 2147483647;
			files = (
				BE94DE0D1E1376430088964D /* pokemonImageTests.swift in Sources */,
			);
			runOnlyForDeploymentPostprocessing = 0;
		};
		BE94DE0F1E1376430088964D /* Sources */ = {
			isa = PBXSourcesBuildPhase;
			buildActionMask = 2147483647;
			files = (
				BE94DE181E1376440088964D /* pokemonImageUITests.swift in Sources */,
			);
			runOnlyForDeploymentPostprocessing = 0;
		};
/* End PBXSourcesBuildPhase section */

/* Begin PBXTargetDependency section */
		BE94DE0A1E1376430088964D /* PBXTargetDependency */ = {
			isa = PBXTargetDependency;
			target = BE94DDF31E1376430088964D /* pokemonImage */;
			targetProxy = BE94DE091E1376430088964D /* PBXContainerItemProxy */;
		};
		BE94DE151E1376430088964D /* PBXTargetDependency */ = {
			isa = PBXTargetDependency;
			target = BE94DDF31E1376430088964D /* pokemonImage */;
			targetProxy = BE94DE141E1376430088964D /* PBXContainerItemProxy */;
		};
/* End PBXTargetDependency section */

/* Begin PBXVariantGroup section */
		BE94DDFB1E1376430088964D /* Main.storyboard */ = {
			isa = PBXVariantGroup;
			children = (
				BE94DDFC1E1376430088964D /* Base */,
			);
			name = Main.storyboard;
			sourceTree = "<group>";
		};
		BE94DE001E1376430088964D /* LaunchScreen.storyboard */ = {
			isa = PBXVariantGroup;
			children = (
				BE94DE011E1376430088964D /* Base */,
			);
			name = LaunchScreen.storyboard;
			sourceTree = "<group>";
		};
/* End PBXVariantGroup section */

/* Begin XCBuildConfiguration section */
		BE94DE1A1E1376440088964D /* Debug */ = {
			isa = XCBuildConfiguration;
			buildSettings = {
				ALWAYS_SEARCH_USER_PATHS = NO;
				CLANG_ANALYZER_NONNULL = YES;
				CLANG_CXX_LANGUAGE_STANDARD = "gnu++0x";
				CLANG_CXX_LIBRARY = "libc++";
				CLANG_ENABLE_MODULES = YES;
				CLANG_ENABLE_OBJC_ARC = YES;
				CLANG_WARN_BOOL_CONVERSION = YES;
				CLANG_WARN_CONSTANT_CONVERSION = YES;
				CLANG_WARN_DIRECT_OBJC_ISA_USAGE = YES_ERROR;
				CLANG_WARN_DOCUMENTATION_COMMENTS = YES;
				CLANG_WARN_EMPTY_BODY = YES;
				CLANG_WARN_ENUM_CONVERSION = YES;
				CLANG_WARN_INFINITE_RECURSION = YES;
				CLANG_WARN_INT_CONVERSION = YES;
				CLANG_WARN_OBJC_ROOT_CLASS = YES_ERROR;
				CLANG_WARN_SUSPICIOUS_MOVES = YES;
				CLANG_WARN_UNREACHABLE_CODE = YES;
				CLANG_WARN__DUPLICATE_METHOD_MATCH = YES;
				"CODE_SIGN_IDENTITY[sdk=iphoneos*]" = "iPhone Developer";
				COPY_PHASE_STRIP = NO;
				DEBUG_INFORMATION_FORMAT = dwarf;
				ENABLE_STRICT_OBJC_MSGSEND = YES;
				ENABLE_TESTABILITY = YES;
				GCC_C_LANGUAGE_STANDARD = gnu99;
				GCC_DYNAMIC_NO_PIC = NO;
				GCC_NO_COMMON_BLOCKS = YES;
				GCC_OPTIMIZATION_LEVEL = 0;
				GCC_PREPROCESSOR_DEFINITIONS = (
					"DEBUG=1",
					"$(inherited)",
				);
				GCC_WARN_64_TO_32_BIT_CONVERSION = YES;
				GCC_WARN_ABOUT_RETURN_TYPE = YES_ERROR;
				GCC_WARN_UNDECLARED_SELECTOR = YES;
				GCC_WARN_UNINITIALIZED_AUTOS = YES_AGGRESSIVE;
				GCC_WARN_UNUSED_FUNCTION = YES;
				GCC_WARN_UNUSED_VARIABLE = YES;
				IPHONEOS_DEPLOYMENT_TARGET = 10.0;
				MTL_ENABLE_DEBUG_INFO = YES;
				ONLY_ACTIVE_ARCH = YES;
				SDKROOT = iphoneos;
				SWIFT_ACTIVE_COMPILATION_CONDITIONS = DEBUG;
				SWIFT_OPTIMIZATION_LEVEL = "-Onone";
			};
			name = Debug;
		};
		BE94DE1B1E1376440088964D /* Release */ = {
			isa = XCBuildConfiguration;
			buildSettings = {
				ALWAYS_SEARCH_USER_PATHS = NO;
				CLANG_ANALYZER_NONNULL = YES;
				CLANG_CXX_LANGUAGE_STANDARD = "gnu++0x";
				CLANG_CXX_LIBRARY = "libc++";
				CLANG_ENABLE_MODULES = YES;
				CLANG_ENABLE_OBJC_ARC = YES;
				CLANG_WARN_BOOL_CONVERSION = YES;
				CLANG_WARN_CONSTANT_CONVERSION = YES;
				CLANG_WARN_DIRECT_OBJC_ISA_USAGE = YES_ERROR;
				CLANG_WARN_DOCUMENTATION_COMMENTS = YES;
				CLANG_WARN_EMPTY_BODY = YES;
				CLANG_WARN_ENUM_CONVERSION = YES;
				CLANG_WARN_INFINITE_RECURSION = YES;
				CLANG_WARN_INT_CONVERSION = YES;
				CLANG_WARN_OBJC_ROOT_CLASS = YES_ERROR;
				CLANG_WARN_SUSPICIOUS_MOVES = YES;
				CLANG_WARN_UNREACHABLE_CODE = YES;
				CLANG_WARN__DUPLICATE_METHOD_MATCH = YES;
				"CODE_SIGN_IDENTITY[sdk=iphoneos*]" = "iPhone Developer";
				COPY_PHASE_STRIP = NO;
				DEBUG_INFORMATION_FORMAT = "dwarf-with-dsym";
				ENABLE_NS_ASSERTIONS = NO;
				ENABLE_STRICT_OBJC_MSGSEND = YES;
				GCC_C_LANGUAGE_STANDARD = gnu99;
				GCC_NO_COMMON_BLOCKS = YES;
				GCC_WARN_64_TO_32_BIT_CONVERSION = YES;
				GCC_WARN_ABOUT_RETURN_TYPE = YES_ERROR;
				GCC_WARN_UNDECLARED_SELECTOR = YES;
				GCC_WARN_UNINITIALIZED_AUTOS = YES_AGGRESSIVE;
				GCC_WARN_UNUSED_FUNCTION = YES;
				GCC_WARN_UNUSED_VARIABLE = YES;
				IPHONEOS_DEPLOYMENT_TARGET = 10.0;
				MTL_ENABLE_DEBUG_INFO = NO;
				SDKROOT = iphoneos;
				SWIFT_OPTIMIZATION_LEVEL = "-Owholemodule";
				VALIDATE_PRODUCT = YES;
			};
			name = Release;
		};
		BE94DE1D1E1376440088964D /* Debug */ = {
			isa = XCBuildConfiguration;
			buildSettings = {
				ASSETCATALOG_COMPILER_APPICON_NAME = AppIcon;
				INFOPLIST_FILE = pokemonImage/Info.plist;
				LD_RUNPATH_SEARCH_PATHS = "$(inherited) @executable_path/Frameworks";
				PRODUCT_BUNDLE_IDENTIFIER = alex.pokemonImage;
				PRODUCT_NAME = "$(TARGET_NAME)";
				SWIFT_VERSION = 3.0;
			};
			name = Debug;
		};
		BE94DE1E1E1376440088964D /* Release */ = {
			isa = XCBuildConfiguration;
			buildSettings = {
				ASSETCATALOG_COMPILER_APPICON_NAME = AppIcon;
				INFOPLIST_FILE = pokemonImage/Info.plist;
				LD_RUNPATH_SEARCH_PATHS = "$(inherited) @executable_path/Frameworks";
				PRODUCT_BUNDLE_IDENTIFIER = alex.pokemonImage;
				PRODUCT_NAME = "$(TARGET_NAME)";
				SWIFT_VERSION = 3.0;
			};
			name = Release;
		};
		BE94DE201E1376440088964D /* Debug */ = {
			isa = XCBuildConfiguration;
			buildSettings = {
				ALWAYS_EMBED_SWIFT_STANDARD_LIBRARIES = YES;
				BUNDLE_LOADER = "$(TEST_HOST)";
				INFOPLIST_FILE = pokemonImageTests/Info.plist;
				LD_RUNPATH_SEARCH_PATHS = "$(inherited) @executable_path/Frameworks @loader_path/Frameworks";
				PRODUCT_BUNDLE_IDENTIFIER = alex.pokemonImageTests;
				PRODUCT_NAME = "$(TARGET_NAME)";
				SWIFT_VERSION = 3.0;
				TEST_HOST = "$(BUILT_PRODUCTS_DIR)/pokemonImage.app/pokemonImage";
			};
			name = Debug;
		};
		BE94DE211E1376440088964D /* Release */ = {
			isa = XCBuildConfiguration;
			buildSettings = {
				ALWAYS_EMBED_SWIFT_STANDARD_LIBRARIES = YES;
				BUNDLE_LOADER = "$(TEST_HOST)";
				INFOPLIST_FILE = pokemonImageTests/Info.plist;
				LD_RUNPATH_SEARCH_PATHS = "$(inherited) @executable_path/Frameworks @loader_path/Frameworks";
				PRODUCT_BUNDLE_IDENTIFIER = alex.pokemonImageTests;
				PRODUCT_NAME = "$(TARGET_NAME)";
				SWIFT_VERSION = 3.0;
				TEST_HOST = "$(BUILT_PRODUCTS_DIR)/pokemonImage.app/pokemonImage";
			};
			name = Release;
		};
		BE94DE231E1376440088964D /* Debug */ = {
			isa = XCBuildConfiguration;
			buildSettings = {
				ALWAYS_EMBED_SWIFT_STANDARD_LIBRARIES = YES;
				INFOPLIST_FILE = pokemonImageUITests/Info.plist;
				LD_RUNPATH_SEARCH_PATHS = "$(inherited) @executable_path/Frameworks @loader_path/Frameworks";
				PRODUCT_BUNDLE_IDENTIFIER = alex.pokemonImageUITests;
				PRODUCT_NAME = "$(TARGET_NAME)";
				SWIFT_VERSION = 3.0;
				TEST_TARGET_NAME = pokemonImage;
			};
			name = Debug;
		};
		BE94DE241E1376440088964D /* Release */ = {
			isa = XCBuildConfiguration;
			buildSettings = {
				ALWAYS_EMBED_SWIFT_STANDARD_LIBRARIES = YES;
				INFOPLIST_FILE = pokemonImageUITests/Info.plist;
				LD_RUNPATH_SEARCH_PATHS = "$(inherited) @executable_path/Frameworks @loader_path/Frameworks";
				PRODUCT_BUNDLE_IDENTIFIER = alex.pokemonImageUITests;
				PRODUCT_NAME = "$(TARGET_NAME)";
				SWIFT_VERSION = 3.0;
				TEST_TARGET_NAME = pokemonImage;
			};
			name = Release;
		};
/* End XCBuildConfiguration section */

/* Begin XCConfigurationList section */
		BE94DDEF1E1376430088964D /* Build configuration list for PBXProject "pokemonImage" */ = {
			isa = XCConfigurationList;
			buildConfigurations = (
				BE94DE1A1E1376440088964D /* Debug */,
				BE94DE1B1E1376440088964D /* Release */,
			);
			defaultConfigurationIsVisible = 0;
			defaultConfigurationName = Release;
		};
		BE94DE1C1E1376440088964D /* Build configuration list for PBXNativeTarget "pokemonImage" */ = {
			isa = XCConfigurationList;
			buildConfigurations = (
				BE94DE1D1E1376440088964D /* Debug */,
				BE94DE1E1E1376440088964D /* Release */,
			);
			defaultConfigurationIsVisible = 0;
		};
		BE94DE1F1E1376440088964D /* Build configuration list for PBXNativeTarget "pokemonImageTests" */ = {
			isa = XCConfigurationList;
			buildConfigurations = (
				BE94DE201E1376440088964D /* Debug */,
				BE94DE211E1376440088964D /* Release */,
			);
			defaultConfigurationIsVisible = 0;
		};
		BE94DE221E1376440088964D /* Build configuration list for PBXNativeTarget "pokemonImageUITests" */ = {
			isa = XCConfigurationList;
			buildConfigurations = (
				BE94DE231E1376440088964D /* Debug */,
				BE94DE241E1376440088964D /* Release */,
			);
			defaultConfigurationIsVisible = 0;
		};
/* End XCConfigurationList section */
	};
	rootObject = BE94DDEC1E1376430088964D /* Project object */;
}
